
Microsoft Visual Studio Solution File, Format Version 12.00
# Visual Studio Version 17
VisualStudioVersion = 17.6.33801.468
MinimumVisualStudioVersion = 10.0.40219.1
Project("{FAE04EC0-301F-11D3-BF4B-00C04F79EFBC}") = "ApiProject", "ApiProject\ApiProject.csproj", "{43008956-E9CF-4E84-8367-93ADEADBD62D}"
EndProject
Global
	GlobalSection(SolutionConfigurationPlatforms) = preSolution
		Debug|Any CPU = Debug|Any CPU
		Release|Any CPU = Release|Any CPU
	EndGlobalSection
	GlobalSection(ProjectConfigurationPlatforms) = postSolution
		{43008956-E9CF-4E84-8367-93ADEADBD62D}.Debug|Any CPU.ActiveCfg = Debug|Any CPU
		{43008956-E9CF-4E84-8367-93ADEADBD62D}.Debug|Any CPU.Build.0 = Debug|Any CPU
		{43008956-E9CF-4E84-8367-93ADEADBD62D}.Release|Any CPU.ActiveCfg = Release|Any CPU
		{43008956-E9CF-4E84-8367-93ADEADBD62D}.Release|Any CPU.Build.0 = Release|Any CPU
	EndGlobalSection
	GlobalSection(SolutionProperties) = preSolution
		HideSolutionNode = FALSE
	EndGlobalSection
	GlobalSection(ExtensibilityGlobals) = postSolution
		SolutionGuid = {884E5E35-3C10-43F0-8F4C-AEFF79BF2685}
	EndGlobalSection
EndGlobal
